# THIS IS AN AUTOGENERATED FILE. DO NOT EDIT THIS FILE DIRECTLY.
# yarn lockfile v1


"demo-package@https://packages.fulop.dev/demo-project-6f2f1a0.tgz":
  version "1.0.0"
  resolved "https://packages.fulop.dev/demo-project-6f2f1a0.tgz#ac6847f246736183afd73537250906932f7b53fe"

"demo-package@https://packages.fulop.dev/demo-project-f6efd87.tgz":
  version "1.0.0"
  resolved "https://packages.fulop.dev/demo-project-f6efd87.tgz#c7528587dc33bcd3315cd1f4eb6c33a2606e5f31"
